
Microsoft Visual Studio Solution File, Format Version 12.00
# Visual Studio Version 16
VisualStudioVersion = 16.0.29920.165
MinimumVisualStudioVersion = 10.0.40219.1
Project("{FAE04EC0-301F-11D3-BF4B-00C04F79EFBC}") = "OrderStatus", "OrderStatus\OrderStatus.csproj", "{88932ACA-4889-45DB-A824-D5911FD17A6F}"
EndProject
Global
	GlobalSection(SolutionConfigurationPlatforms) = preSolution
		Debug|Any CPU = Debug|Any CPU
		Release|Any CPU = Release|Any CPU
	EndGlobalSection
	GlobalSection(ProjectConfigurationPlatforms) = postSolution
		{88932ACA-4889-45DB-A824-D5911FD17A6F}.Debug|Any CPU.ActiveCfg = Debug|Any CPU
		{88932ACA-4889-45DB-A824-D5911FD17A6F}.Debug|Any CPU.Build.0 = Debug|Any CPU
		{88932ACA-4889-45DB-A824-D5911FD17A6F}.Release|Any CPU.ActiveCfg = Release|Any CPU
		{88932ACA-4889-45DB-A824-D5911FD17A6F}.Release|Any CPU.Build.0 = Release|Any CPU
	EndGlobalSection
	GlobalSection(SolutionProperties) = preSolution
		HideSolutionNode = FALSE
	EndGlobalSection
	GlobalSection(ExtensibilityGlobals) = postSolution
		SolutionGuid = {C470EF83-26C2-4F95-AA14-537FAE8CC8CD}
	EndGlobalSection
EndGlobal
